<?xml version="1.0" encoding="utf-8"?>
<Project ToolsVersion="16.0" xmlns="http://schemas.microsoft.com/developer/msbuild/2003">
  <ItemGroup>
    <CustomBuild Include="D:\Projects\CPlusPlus\tik-tak-toe-imgui\winbuild\CMakeFiles\43b3040016d9af270c2c0dc30bd76bf3\generate.stamp.rule">
      <Filter>CMake Rules</Filter>
    </CustomBuild>
  </ItemGroup>
  <ItemGroup>
    <Filter Include="CMake Rules">
      <UniqueIdentifier>{47BA3FB5-4277-3C04-845E-8A79464B4393}</UniqueIdentifier>
    </Filter>
  </ItemGroup>
</Project>
